
Microsoft Visual Studio Solution File, Format Version 9.00
# Visual Studio 2005
Project("{8BC9CEB8-8B4A-11D0-8D11-00A0C91BC942}") = "summerhack", "summerhack.vcproj", "{9B68F95D-A5B8-48C8-AFA6-F461DE72B241}"
	ProjectSection(ProjectDependencies) = postProject
		{0CE8101D-AA14-4006-B415-684267FC00E2} = {0CE8101D-AA14-4006-B415-684267FC00E2}
		{05D14878-E632-47FB-980B-402483260F10} = {05D14878-E632-47FB-980B-402483260F10}
		{08C5FA87-467C-4892-981F-D606C2EDF5F7} = {08C5FA87-467C-4892-981F-D606C2EDF5F7}
		{79223AD2-F498-4753-BD28-9027B99E9AB3} = {79223AD2-F498-4753-BD28-9027B99E9AB3}
		{C10538FE-08C4-4504-A87A-2D3CD8B6A0F5} = {C10538FE-08C4-4504-A87A-2D3CD8B6A0F5}
		{A62FFDA5-2D65-4DF9-92B7-6184C9CA56ED} = {A62FFDA5-2D65-4DF9-92B7-6184C9CA56ED}
		{3AFA2843-C083-45F8-B0B6-C6E2075160C2} = {3AFA2843-C083-45F8-B0B6-C6E2075160C2}
	EndProjectSection
EndProject
Project("{8BC9CEB8-8B4A-11D0-8D11-00A0C91BC942}") = "3dengfx", "src\3dengfx\3dengfx.vcproj", "{05D14878-E632-47FB-980B-402483260F10}"
	ProjectSection(ProjectDependencies) = postProject
		{A62FFDA5-2D65-4DF9-92B7-6184C9CA56ED} = {A62FFDA5-2D65-4DF9-92B7-6184C9CA56ED}
		{3AFA2843-C083-45F8-B0B6-C6E2075160C2} = {3AFA2843-C083-45F8-B0B6-C6E2075160C2}
		{0CE8101D-AA14-4006-B415-684267FC00E2} = {0CE8101D-AA14-4006-B415-684267FC00E2}
	EndProjectSection
EndProject
Project("{8BC9CEB8-8B4A-11D0-8D11-00A0C91BC942}") = "lib3ds", "libs\lib3ds\lib3ds.vcproj", "{3AFA2843-C083-45F8-B0B6-C6E2075160C2}"
EndProject
Project("{8BC9CEB8-8B4A-11D0-8D11-00A0C91BC942}") = "zlib", "libs\zlib\zlib.vcproj", "{C10538FE-08C4-4504-A87A-2D3CD8B6A0F5}"
EndProject
Project("{8BC9CEB8-8B4A-11D0-8D11-00A0C91BC942}") = "libpng", "libs\libpng\libpng.vcproj", "{A62FFDA5-2D65-4DF9-92B7-6184C9CA56ED}"
	ProjectSection(ProjectDependencies) = postProject
		{C10538FE-08C4-4504-A87A-2D3CD8B6A0F5} = {C10538FE-08C4-4504-A87A-2D3CD8B6A0F5}
	EndProjectSection
EndProject
Project("{8BC9CEB8-8B4A-11D0-8D11-00A0C91BC942}") = "jpeglib", "libs\jpeglib\jpeglib.vcproj", "{0CE8101D-AA14-4006-B415-684267FC00E2}"
EndProject
Project("{8BC9CEB8-8B4A-11D0-8D11-00A0C91BC942}") = "ogg", "libs\ogg\ogg.vcproj", "{79223AD2-F498-4753-BD28-9027B99E9AB3}"
EndProject
Project("{8BC9CEB8-8B4A-11D0-8D11-00A0C91BC942}") = "vorbis", "libs\vorbis\vorbis.vcproj", "{08C5FA87-467C-4892-981F-D606C2EDF5F7}"
	ProjectSection(ProjectDependencies) = postProject
		{79223AD2-F498-4753-BD28-9027B99E9AB3} = {79223AD2-F498-4753-BD28-9027B99E9AB3}
	EndProjectSection
EndProject
Global
	GlobalSection(SolutionConfigurationPlatforms) = preSolution
		Debug|Win32 = Debug|Win32
		Release|Win32 = Release|Win32
	EndGlobalSection
	GlobalSection(ProjectConfigurationPlatforms) = postSolution
		{9B68F95D-A5B8-48C8-AFA6-F461DE72B241}.Debug|Win32.ActiveCfg = Debug|Win32
		{9B68F95D-A5B8-48C8-AFA6-F461DE72B241}.Debug|Win32.Build.0 = Debug|Win32
		{9B68F95D-A5B8-48C8-AFA6-F461DE72B241}.Release|Win32.ActiveCfg = Release|Win32
		{9B68F95D-A5B8-48C8-AFA6-F461DE72B241}.Release|Win32.Build.0 = Release|Win32
		{05D14878-E632-47FB-980B-402483260F10}.Debug|Win32.ActiveCfg = Debug|Win32
		{05D14878-E632-47FB-980B-402483260F10}.Debug|Win32.Build.0 = Debug|Win32
		{05D14878-E632-47FB-980B-402483260F10}.Release|Win32.ActiveCfg = Release|Win32
		{05D14878-E632-47FB-980B-402483260F10}.Release|Win32.Build.0 = Release|Win32
		{3AFA2843-C083-45F8-B0B6-C6E2075160C2}.Debug|Win32.ActiveCfg = Debug|Win32
		{3AFA2843-C083-45F8-B0B6-C6E2075160C2}.Debug|Win32.Build.0 = Debug|Win32
		{3AFA2843-C083-45F8-B0B6-C6E2075160C2}.Release|Win32.ActiveCfg = Release|Win32
		{3AFA2843-C083-45F8-B0B6-C6E2075160C2}.Release|Win32.Build.0 = Release|Win32
		{C10538FE-08C4-4504-A87A-2D3CD8B6A0F5}.Debug|Win32.ActiveCfg = Debug|Win32
		{C10538FE-08C4-4504-A87A-2D3CD8B6A0F5}.Debug|Win32.Build.0 = Debug|Win32
		{C10538FE-08C4-4504-A87A-2D3CD8B6A0F5}.Release|Win32.ActiveCfg = Release|Win32
		{C10538FE-08C4-4504-A87A-2D3CD8B6A0F5}.Release|Win32.Build.0 = Release|Win32
		{A62FFDA5-2D65-4DF9-92B7-6184C9CA56ED}.Debug|Win32.ActiveCfg = Debug|Win32
		{A62FFDA5-2D65-4DF9-92B7-6184C9CA56ED}.Debug|Win32.Build.0 = Debug|Win32
		{A62FFDA5-2D65-4DF9-92B7-6184C9CA56ED}.Release|Win32.ActiveCfg = Release|Win32
		{A62FFDA5-2D65-4DF9-92B7-6184C9CA56ED}.Release|Win32.Build.0 = Release|Win32
		{0CE8101D-AA14-4006-B415-684267FC00E2}.Debug|Win32.ActiveCfg = Debug|Win32
		{0CE8101D-AA14-4006-B415-684267FC00E2}.Debug|Win32.Build.0 = Debug|Win32
		{0CE8101D-AA14-4006-B415-684267FC00E2}.Release|Win32.ActiveCfg = Release|Win32
		{0CE8101D-AA14-4006-B415-684267FC00E2}.Release|Win32.Build.0 = Release|Win32
		{79223AD2-F498-4753-BD28-9027B99E9AB3}.Debug|Win32.ActiveCfg = Debug|Win32
		{79223AD2-F498-4753-BD28-9027B99E9AB3}.Debug|Win32.Build.0 = Debug|Win32
		{79223AD2-F498-4753-BD28-9027B99E9AB3}.Release|Win32.ActiveCfg = Release|Win32
		{79223AD2-F498-4753-BD28-9027B99E9AB3}.Release|Win32.Build.0 = Release|Win32
		{08C5FA87-467C-4892-981F-D606C2EDF5F7}.Debug|Win32.ActiveCfg = Debug|Win32
		{08C5FA87-467C-4892-981F-D606C2EDF5F7}.Debug|Win32.Build.0 = Debug|Win32
		{08C5FA87-467C-4892-981F-D606C2EDF5F7}.Release|Win32.ActiveCfg = Release|Win32
		{08C5FA87-467C-4892-981F-D606C2EDF5F7}.Release|Win32.Build.0 = Release|Win32
	EndGlobalSection
	GlobalSection(SolutionProperties) = preSolution
		HideSolutionNode = FALSE
	EndGlobalSection
EndGlobal
